{
  "name": "demo",
  "lockfileVersion": 3,
  "requires": true,
  "packages": {
    "": {
      "dependencies": {
        "create-chainless-expressjs-app": "^1.0.1"
      }
    },
    "node_modules/create-chainless-expressjs-app": {
      "version": "1.0.1",
      "resolved": "https://registry.npmjs.org/create-chainless-expressjs-app/-/create-chainless-expressjs-app-1.0.1.tgz",
      "integrity": "sha512-fqXZ6qsXSF6QBSsr0XKrAi2aH3P9FodYkrzfdmPfb6GW7exxP3dQW4whc+U7C2++97IPsaFp4PpgFlNYQgauOA==",
      "bin": {
        "create-chainless-expressjs-app": "bin/create-chainless-expressjs-app.js"
      }
    }
  }
}
